
Microsoft Visual Studio Solution File, Format Version 12.00
# Visual Studio Version 17
VisualStudioVersion = 17.13.35825.156 d17.13
MinimumVisualStudioVersion = 10.0.40219.1
Project("{FAE04EC0-301F-11D3-BF4B-00C04F79EFBC}") = "pInd1", "pINd1.csproj", "{48889F21-610E-4791-9307-52A52C22C282}"
EndProject
Global
	GlobalSection(SolutionConfigurationPlatforms) = preSolution
		Debug|Any CPU = Debug|Any CPU
		Release|Any CPU = Release|Any CPU
	EndGlobalSection
	GlobalSection(ProjectConfigurationPlatforms) = postSolution
		{48889F21-610E-4791-9307-52A52C22C282}.Debug|Any CPU.ActiveCfg = Debug|Any CPU
		{48889F21-610E-4791-9307-52A52C22C282}.Debug|Any CPU.Build.0 = Debug|Any CPU
		{48889F21-610E-4791-9307-52A52C22C282}.Release|Any CPU.ActiveCfg = Release|Any CPU
		{48889F21-610E-4791-9307-52A52C22C282}.Release|Any CPU.Build.0 = Release|Any CPU
	EndGlobalSection
	GlobalSection(SolutionProperties) = preSolution
		HideSolutionNode = FALSE
	EndGlobalSection
	GlobalSection(ExtensibilityGlobals) = postSolution
		SolutionGuid = {821768E1-EA68-4C7F-9B1B-10826453B59B}
	EndGlobalSection
EndGlobal
